{
  "nodes": {
  "nixpkgs": {
  "locked": {
  "lastModified": 1633018501,
  "narHash": "sha256-C+zqIy+XHD6fhanJEp9uZG+F/fJt5kRDacTSIZJ2MlQ=",
  "owner": "NixOS",
  "repo": "nixpkgs",
  "rev": "94c65458618ee59a560d72af7afb3db820a312ae",
  "type": "github"
  },
  "original": {
  "id": "nixpkgs",
  "type": "indirect"
  }
  },
  "root": {
  "inputs": {
  "nixpkgs": "nixpkgs"
  }
  }
  },
  "root": "root",
  "version": 7
  }
